
Microsoft Visual Studio Solution File, Format Version 12.00
# Visual Studio Version 16
VisualStudioVersion = 16.0.31624.102
MinimumVisualStudioVersion = 10.0.40219.1
Project("{8BC9CEB8-8B4A-11D0-8D11-00A0C91BC942}") = "Treść zadań", "Treść zadań\Treść zadań.vcxproj", "{0B07B802-470B-4138-B230-2B10985A7182}"
EndProject
Project("{2150E333-8FDC-42A3-9474-1A3956D46DE8}") = "0. Treści zadań", "0. Treści zadań", "{1D9152DC-3916-4267-8618-BDBB776AF330}"
EndProject
Project("{2150E333-8FDC-42A3-9474-1A3956D46DE8}") = "01. Podstawy programowania", "01. Podstawy programowania", "{5219D71D-C2E7-4327-8887-395646D84B2A}"
EndProject
Project("{8BC9CEB8-8B4A-11D0-8D11-00A0C91BC942}") = "Podstawy programowania", "Podstawy programowania\Podstawy programowania.vcxproj", "{574655A8-6396-42CF-A03E-50A28749F221}"
EndProject
Project("{2150E333-8FDC-42A3-9474-1A3956D46DE8}") = "02. Instrukcja warunkowe", "02. Instrukcja warunkowe", "{D06B56EF-0F91-4942-9BBA-0E943D9DC996}"
EndProject
Project("{8BC9CEB8-8B4A-11D0-8D11-00A0C91BC942}") = "Instrukcja IF", "Instrukcja IF\Instrukcja IF.vcxproj", "{EB4BDB4C-9727-4498-99C9-F9865D3EA9A5}"
EndProject
Project("{8BC9CEB8-8B4A-11D0-8D11-00A0C91BC942}") = "Instrukcja WHILE", "Instrukcja WHILE\Instrukcja WHILE.vcxproj", "{DAC1F5AD-1C5B-478E-A318-43AA4AC3E419}"
EndProject
Project("{8BC9CEB8-8B4A-11D0-8D11-00A0C91BC942}") = "Instrukcja DO-WHILE", "Instrukcja DO-WHILE\Instrukcja DO-WHILE.vcxproj", "{41739FE2-D2B2-4447-AA5A-7F81676ECBF9}"
EndProject
Project("{8BC9CEB8-8B4A-11D0-8D11-00A0C91BC942}") = "Instrukcja FOR", "Instrukcja FOR\Instrukcja FOR.vcxproj", "{AB2D89D1-36BF-4E33-B3EE-3FF78245DD7E}"
EndProject
Project("{8BC9CEB8-8B4A-11D0-8D11-00A0C91BC942}") = "Instrukcja SWITCH", "Instrukcja SWITCH\Instrukcja SWITCH.vcxproj", "{245A9F3B-AAF1-4014-A632-0222B74012AB}"
EndProject
Project("{2150E333-8FDC-42A3-9474-1A3956D46DE8}") = "03. Łańcuchy znaków", "03. Łańcuchy znaków", "{9FC189B0-BE2F-4E7D-84C8-849BA3F300E6}"
EndProject
Project("{8BC9CEB8-8B4A-11D0-8D11-00A0C91BC942}") = "Typ Char", "Typ Char\Typ Char.vcxproj", "{31AA7405-1731-48A8-AFDE-EE16E347B03A}"
EndProject
Project("{2150E333-8FDC-42A3-9474-1A3956D46DE8}") = "04. Funkcje", "04. Funkcje", "{6CAA5402-20B2-4AC5-9EB0-FA0116FDE3C8}"
EndProject
Project("{8BC9CEB8-8B4A-11D0-8D11-00A0C91BC942}") = "Funkcje", "Funkcje\Funkcje.vcxproj", "{2E98D979-5954-433F-B0B5-09938A548CC6}"
EndProject
Project("{8BC9CEB8-8B4A-11D0-8D11-00A0C91BC942}") = "Typ string", "Typ string\Typ string.vcxproj", "{623DEB57-3BD3-4299-8599-F9AE83480BFF}"
EndProject
Project("{2150E333-8FDC-42A3-9474-1A3956D46DE8}") = "05. Algorytmy wyszukiwania", "05. Algorytmy wyszukiwania", "{87FC65B3-E5CA-45A8-B5B9-5544965123DB}"
EndProject
Project("{8BC9CEB8-8B4A-11D0-8D11-00A0C91BC942}") = "Algorytmy wyszukiwania", "Algorytmy wyszukiwania\Algorytmy wyszukiwania.vcxproj", "{373539EF-8E53-46F0-82DD-044487242382}"
EndProject
Project("{2150E333-8FDC-42A3-9474-1A3956D46DE8}") = "06. Kolekcje", "06. Kolekcje", "{60F98016-89CB-417F-9BBA-4F868AE7A447}"
EndProject
Project("{8BC9CEB8-8B4A-11D0-8D11-00A0C91BC942}") = "Tablice", "Tablice\Tablice.vcxproj", "{0B5109FD-6DDF-4A44-9C88-13D58D4DB800}"
EndProject
Project("{2150E333-8FDC-42A3-9474-1A3956D46DE8}") = "07. Powtorzenie", "07. Powtorzenie", "{27BA530F-9C88-4F9B-973F-2E90512AB6C9}"
EndProject
Project("{8BC9CEB8-8B4A-11D0-8D11-00A0C91BC942}") = "powtórzenie", "powtórzenie\powtórzenie.vcxproj", "{7F3A9EDD-C339-4422-A315-EB3979F1C6C3}"
EndProject
Project("{2150E333-8FDC-42A3-9474-1A3956D46DE8}") = "08. Struktury", "08. Struktury", "{8AC16452-E258-4A77-B01E-C7B8C15DDEE7}"
EndProject
Project("{8BC9CEB8-8B4A-11D0-8D11-00A0C91BC942}") = "CoordinatesProgram", "CoordinatesProgram\CoordinatesProgram.vcxproj", "{8A4402DF-C268-4B58-B441-B7916538621F}"
EndProject
Project("{2150E333-8FDC-42A3-9474-1A3956D46DE8}") = "09. Wskaźniki", "09. Wskaźniki", "{B3A306FB-4F14-41EF-B298-88F4D558D7BE}"
EndProject
Project("{8BC9CEB8-8B4A-11D0-8D11-00A0C91BC942}") = "PointersApp", "PointersApp\PointersApp.vcxproj", "{62ABF696-83F9-4EAB-9F68-FE2374A9FA04}"
EndProject
Project("{2150E333-8FDC-42A3-9474-1A3956D46DE8}") = "10. Podstawy obiektów", "10. Podstawy obiektów", "{00E63EFD-3E91-4191-ACD2-C9C835C2EB8B}"
EndProject
Project("{8BC9CEB8-8B4A-11D0-8D11-00A0C91BC942}") = "FirstObjectProgram", "FirstObjectProgram\FirstObjectProgram.vcxproj", "{5D2F13DA-6147-4132-9EB4-90A2BF3BA75A}"
EndProject
Project("{8BC9CEB8-8B4A-11D0-8D11-00A0C91BC942}") = "DrivingCar", "DrivingCar\DrivingCar.vcxproj", "{13922596-AAEA-4F61-B5FB-B5311E27A978}"
EndProject
Project("{8BC9CEB8-8B4A-11D0-8D11-00A0C91BC942}") = "MyOwnObjectTask", "myOwnObjectTask\myOwnObjectTask.vcxproj", "{ED23B513-3528-41D3-8805-0FC1FBDF24AC}"
EndProject
Project("{2150E333-8FDC-42A3-9474-1A3956D46DE8}") = "C++", "C++", "{FA02AC69-5C6C-4E43-BFCE-7DE4642AD95D}"
EndProject
Project("{2150E333-8FDC-42A3-9474-1A3956D46DE8}") = "CS", "CS", "{AB87183A-7586-46FD-9E47-B9B30AF3E84F}"
EndProject
Project("{2150E333-8FDC-42A3-9474-1A3956D46DE8}") = "01. Podstawy", "01. Podstawy", "{9B063ED1-B5D6-4707-9F36-EBAA3DBDA418}"
EndProject
Project("{9A19103F-16F7-4668-BE54-9A1E7A4F7556}") = "FirstConsoleApp", "FirstConsoleApp\FirstConsoleApp.csproj", "{FD158A0C-9AB7-474D-996F-4337703973F8}"
EndProject
Project("{9A19103F-16F7-4668-BE54-9A1E7A4F7556}") = "FirstObjectConsoleApp", "FirstObjectConsoleApp\FirstObjectConsoleApp.csproj", "{F570FA6A-ACC6-4DA5-948D-17BD7F5F4D73}"
EndProject
Project("{2150E333-8FDC-42A3-9474-1A3956D46DE8}") = "02. Kolekcje", "02. Kolekcje", "{32305C83-8B40-428B-BAEC-C5AF89EDAE5F}"
EndProject
Project("{9A19103F-16F7-4668-BE54-9A1E7A4F7556}") = "CollectionConsoleApp", "CollectionConsoleApp\CollectionConsoleApp.csproj", "{9B0757AB-8F69-487D-AD0C-079D640425EB}"
EndProject
Project("{2150E333-8FDC-42A3-9474-1A3956D46DE8}") = "03. Obiekty", "03. Obiekty", "{E810AF16-A48A-43D0-BFE8-4E351BEE3B76}"
EndProject
Project("{9A19103F-16F7-4668-BE54-9A1E7A4F7556}") = "ShapeConsoleApp", "ShapeConsoleApp\ShapeConsoleApp.csproj", "{CEF2956A-3B06-46BB-AF70-C5B6272C1515}"
EndProject
Project("{2150E333-8FDC-42A3-9474-1A3956D46DE8}") = "04. Zadania", "04. Zadania", "{53AAE08E-C12F-45F3-9083-8D15FB8FCD9A}"
EndProject
Project("{9A19103F-16F7-4668-BE54-9A1E7A4F7556}") = "LotOfTasks", "LotOfTasks\LotOfTasks.csproj", "{FC145032-25F0-4CAB-8BA7-6510BFD8BE6E}"
EndProject
Project("{2150E333-8FDC-42A3-9474-1A3956D46DE8}") = "05. Wlasciwosci", "05. Wlasciwosci", "{F4587C4B-938B-4F81-96FC-4ED24C2B2552}"
EndProject
Project("{9A19103F-16F7-4668-BE54-9A1E7A4F7556}") = "PropertiesApp", "PropertiesApp\PropertiesApp.csproj", "{66FC65B4-6A67-4E3A-9BD3-4F6C609E8D79}"
EndProject
Project("{2150E333-8FDC-42A3-9474-1A3956D46DE8}") = "06. Obsługa błędów", "06. Obsługa błędów", "{6FC7D8C8-1669-41C7-A9B9-1043D418E000}"
EndProject
Project("{9A19103F-16F7-4668-BE54-9A1E7A4F7556}") = "ExceptionApp", "ExceptionApp\ExceptionApp.csproj", "{5E5B9FAD-CA80-463C-8CDB-86BA0D8E1CE6}"
EndProject
Project("{2150E333-8FDC-42A3-9474-1A3956D46DE8}") = "07. Polimorfizm", "07. Polimorfizm", "{865755B8-A974-407B-9791-C6C636AA1977}"
EndProject
Project("{FAE04EC0-301F-11D3-BF4B-00C04F79EFBC}") = "PolimorfizmApp", "PolimorfizmApp\PolimorfizmApp.csproj", "{FCD380A9-7EE8-4EFF-8CFE-7956E4B5601C}"
EndProject
Global
	GlobalSection(SolutionConfigurationPlatforms) = preSolution
		Debug|Any CPU = Debug|Any CPU
		Debug|x64 = Debug|x64
		Debug|x86 = Debug|x86
		Release|Any CPU = Release|Any CPU
		Release|x64 = Release|x64
		Release|x86 = Release|x86
	EndGlobalSection
	GlobalSection(ProjectConfigurationPlatforms) = postSolution
		{0B07B802-470B-4138-B230-2B10985A7182}.Debug|Any CPU.ActiveCfg = Debug|Win32
		{0B07B802-470B-4138-B230-2B10985A7182}.Debug|x64.ActiveCfg = Debug|x64
		{0B07B802-470B-4138-B230-2B10985A7182}.Debug|x64.Build.0 = Debug|x64
		{0B07B802-470B-4138-B230-2B10985A7182}.Debug|x86.ActiveCfg = Debug|Win32
		{0B07B802-470B-4138-B230-2B10985A7182}.Release|Any CPU.ActiveCfg = Release|Win32
		{0B07B802-470B-4138-B230-2B10985A7182}.Release|x64.ActiveCfg = Release|x64
		{0B07B802-470B-4138-B230-2B10985A7182}.Release|x64.Build.0 = Release|x64
		{0B07B802-470B-4138-B230-2B10985A7182}.Release|x86.ActiveCfg = Release|Win32
		{0B07B802-470B-4138-B230-2B10985A7182}.Release|x86.Build.0 = Release|Win32
		{574655A8-6396-42CF-A03E-50A28749F221}.Debug|Any CPU.ActiveCfg = Debug|Win32
		{574655A8-6396-42CF-A03E-50A28749F221}.Debug|x64.ActiveCfg = Debug|x64
		{574655A8-6396-42CF-A03E-50A28749F221}.Debug|x64.Build.0 = Debug|x64
		{574655A8-6396-42CF-A03E-50A28749F221}.Debug|x86.ActiveCfg = Debug|Win32
		{574655A8-6396-42CF-A03E-50A28749F221}.Debug|x86.Build.0 = Debug|Win32
		{574655A8-6396-42CF-A03E-50A28749F221}.Release|Any CPU.ActiveCfg = Release|Win32
		{574655A8-6396-42CF-A03E-50A28749F221}.Release|x64.ActiveCfg = Release|x64
		{574655A8-6396-42CF-A03E-50A28749F221}.Release|x64.Build.0 = Release|x64
		{574655A8-6396-42CF-A03E-50A28749F221}.Release|x86.ActiveCfg = Release|Win32
		{574655A8-6396-42CF-A03E-50A28749F221}.Release|x86.Build.0 = Release|Win32
		{EB4BDB4C-9727-4498-99C9-F9865D3EA9A5}.Debug|Any CPU.ActiveCfg = Debug|Win32
		{EB4BDB4C-9727-4498-99C9-F9865D3EA9A5}.Debug|x64.ActiveCfg = Debug|x64
		{EB4BDB4C-9727-4498-99C9-F9865D3EA9A5}.Debug|x64.Build.0 = Debug|x64
		{EB4BDB4C-9727-4498-99C9-F9865D3EA9A5}.Debug|x86.ActiveCfg = Debug|Win32
		{EB4BDB4C-9727-4498-99C9-F9865D3EA9A5}.Debug|x86.Build.0 = Debug|Win32
		{EB4BDB4C-9727-4498-99C9-F9865D3EA9A5}.Release|Any CPU.ActiveCfg = Release|Win32
		{EB4BDB4C-9727-4498-99C9-F9865D3EA9A5}.Release|x64.ActiveCfg = Release|x64
		{EB4BDB4C-9727-4498-99C9-F9865D3EA9A5}.Release|x64.Build.0 = Release|x64
		{EB4BDB4C-9727-4498-99C9-F9865D3EA9A5}.Release|x86.ActiveCfg = Release|Win32
		{EB4BDB4C-9727-4498-99C9-F9865D3EA9A5}.Release|x86.Build.0 = Release|Win32
		{DAC1F5AD-1C5B-478E-A318-43AA4AC3E419}.Debug|Any CPU.ActiveCfg = Debug|Win32
		{DAC1F5AD-1C5B-478E-A318-43AA4AC3E419}.Debug|x64.ActiveCfg = Debug|x64
		{DAC1F5AD-1C5B-478E-A318-43AA4AC3E419}.Debug|x64.Build.0 = Debug|x64
		{DAC1F5AD-1C5B-478E-A318-43AA4AC3E419}.Debug|x86.ActiveCfg = Debug|Win32
		{DAC1F5AD-1C5B-478E-A318-43AA4AC3E419}.Debug|x86.Build.0 = Debug|Win32
		{DAC1F5AD-1C5B-478E-A318-43AA4AC3E419}.Release|Any CPU.ActiveCfg = Release|Win32
		{DAC1F5AD-1C5B-478E-A318-43AA4AC3E419}.Release|x64.ActiveCfg = Release|x64
		{DAC1F5AD-1C5B-478E-A318-43AA4AC3E419}.Release|x64.Build.0 = Release|x64
		{DAC1F5AD-1C5B-478E-A318-43AA4AC3E419}.Release|x86.ActiveCfg = Release|Win32
		{DAC1F5AD-1C5B-478E-A318-43AA4AC3E419}.Release|x86.Build.0 = Release|Win32
		{41739FE2-D2B2-4447-AA5A-7F81676ECBF9}.Debug|Any CPU.ActiveCfg = Debug|Win32
		{41739FE2-D2B2-4447-AA5A-7F81676ECBF9}.Debug|x64.ActiveCfg = Debug|x64
		{41739FE2-D2B2-4447-AA5A-7F81676ECBF9}.Debug|x64.Build.0 = Debug|x64
		{41739FE2-D2B2-4447-AA5A-7F81676ECBF9}.Debug|x86.ActiveCfg = Debug|Win32
		{41739FE2-D2B2-4447-AA5A-7F81676ECBF9}.Debug|x86.Build.0 = Debug|Win32
		{41739FE2-D2B2-4447-AA5A-7F81676ECBF9}.Release|Any CPU.ActiveCfg = Release|Win32
		{41739FE2-D2B2-4447-AA5A-7F81676ECBF9}.Release|x64.ActiveCfg = Release|x64
		{41739FE2-D2B2-4447-AA5A-7F81676ECBF9}.Release|x64.Build.0 = Release|x64
		{41739FE2-D2B2-4447-AA5A-7F81676ECBF9}.Release|x86.ActiveCfg = Release|Win32
		{41739FE2-D2B2-4447-AA5A-7F81676ECBF9}.Release|x86.Build.0 = Release|Win32
		{AB2D89D1-36BF-4E33-B3EE-3FF78245DD7E}.Debug|Any CPU.ActiveCfg = Debug|Win32
		{AB2D89D1-36BF-4E33-B3EE-3FF78245DD7E}.Debug|x64.ActiveCfg = Debug|x64
		{AB2D89D1-36BF-4E33-B3EE-3FF78245DD7E}.Debug|x64.Build.0 = Debug|x64
		{AB2D89D1-36BF-4E33-B3EE-3FF78245DD7E}.Debug|x86.ActiveCfg = Debug|Win32
		{AB2D89D1-36BF-4E33-B3EE-3FF78245DD7E}.Debug|x86.Build.0 = Debug|Win32
		{AB2D89D1-36BF-4E33-B3EE-3FF78245DD7E}.Release|Any CPU.ActiveCfg = Release|Win32
		{AB2D89D1-36BF-4E33-B3EE-3FF78245DD7E}.Release|x64.ActiveCfg = Release|x64
		{AB2D89D1-36BF-4E33-B3EE-3FF78245DD7E}.Release|x64.Build.0 = Release|x64
		{AB2D89D1-36BF-4E33-B3EE-3FF78245DD7E}.Release|x86.ActiveCfg = Release|Win32
		{AB2D89D1-36BF-4E33-B3EE-3FF78245DD7E}.Release|x86.Build.0 = Release|Win32
		{245A9F3B-AAF1-4014-A632-0222B74012AB}.Debug|Any CPU.ActiveCfg = Debug|Win32
		{245A9F3B-AAF1-4014-A632-0222B74012AB}.Debug|x64.ActiveCfg = Debug|x64
		{245A9F3B-AAF1-4014-A632-0222B74012AB}.Debug|x64.Build.0 = Debug|x64
		{245A9F3B-AAF1-4014-A632-0222B74012AB}.Debug|x86.ActiveCfg = Debug|Win32
		{245A9F3B-AAF1-4014-A632-0222B74012AB}.Debug|x86.Build.0 = Debug|Win32
		{245A9F3B-AAF1-4014-A632-0222B74012AB}.Release|Any CPU.ActiveCfg = Release|Win32
		{245A9F3B-AAF1-4014-A632-0222B74012AB}.Release|x64.ActiveCfg = Release|x64
		{245A9F3B-AAF1-4014-A632-0222B74012AB}.Release|x64.Build.0 = Release|x64
		{245A9F3B-AAF1-4014-A632-0222B74012AB}.Release|x86.ActiveCfg = Release|Win32
		{245A9F3B-AAF1-4014-A632-0222B74012AB}.Release|x86.Build.0 = Release|Win32
		{31AA7405-1731-48A8-AFDE-EE16E347B03A}.Debug|Any CPU.ActiveCfg = Debug|Win32
		{31AA7405-1731-48A8-AFDE-EE16E347B03A}.Debug|x64.ActiveCfg = Debug|x64
		{31AA7405-1731-48A8-AFDE-EE16E347B03A}.Debug|x64.Build.0 = Debug|x64
		{31AA7405-1731-48A8-AFDE-EE16E347B03A}.Debug|x86.ActiveCfg = Debug|Win32
		{31AA7405-1731-48A8-AFDE-EE16E347B03A}.Debug|x86.Build.0 = Debug|Win32
		{31AA7405-1731-48A8-AFDE-EE16E347B03A}.Release|Any CPU.ActiveCfg = Release|Win32
		{31AA7405-1731-48A8-AFDE-EE16E347B03A}.Release|x64.ActiveCfg = Release|x64
		{31AA7405-1731-48A8-AFDE-EE16E347B03A}.Release|x64.Build.0 = Release|x64
		{31AA7405-1731-48A8-AFDE-EE16E347B03A}.Release|x86.ActiveCfg = Release|Win32
		{31AA7405-1731-48A8-AFDE-EE16E347B03A}.Release|x86.Build.0 = Release|Win32
		{2E98D979-5954-433F-B0B5-09938A548CC6}.Debug|Any CPU.ActiveCfg = Debug|Win32
		{2E98D979-5954-433F-B0B5-09938A548CC6}.Debug|x64.ActiveCfg = Debug|x64
		{2E98D979-5954-433F-B0B5-09938A548CC6}.Debug|x64.Build.0 = Debug|x64
		{2E98D979-5954-433F-B0B5-09938A548CC6}.Debug|x86.ActiveCfg = Debug|Win32
		{2E98D979-5954-433F-B0B5-09938A548CC6}.Debug|x86.Build.0 = Debug|Win32
		{2E98D979-5954-433F-B0B5-09938A548CC6}.Release|Any CPU.ActiveCfg = Release|Win32
		{2E98D979-5954-433F-B0B5-09938A548CC6}.Release|x64.ActiveCfg = Release|x64
		{2E98D979-5954-433F-B0B5-09938A548CC6}.Release|x64.Build.0 = Release|x64
		{2E98D979-5954-433F-B0B5-09938A548CC6}.Release|x86.ActiveCfg = Release|Win32
		{2E98D979-5954-433F-B0B5-09938A548CC6}.Release|x86.Build.0 = Release|Win32
		{623DEB57-3BD3-4299-8599-F9AE83480BFF}.Debug|Any CPU.ActiveCfg = Debug|Win32
		{623DEB57-3BD3-4299-8599-F9AE83480BFF}.Debug|x64.ActiveCfg = Debug|x64
		{623DEB57-3BD3-4299-8599-F9AE83480BFF}.Debug|x64.Build.0 = Debug|x64
		{623DEB57-3BD3-4299-8599-F9AE83480BFF}.Debug|x86.ActiveCfg = Debug|Win32
		{623DEB57-3BD3-4299-8599-F9AE83480BFF}.Debug|x86.Build.0 = Debug|Win32
		{623DEB57-3BD3-4299-8599-F9AE83480BFF}.Release|Any CPU.ActiveCfg = Release|Win32
		{623DEB57-3BD3-4299-8599-F9AE83480BFF}.Release|x64.ActiveCfg = Release|x64
		{623DEB57-3BD3-4299-8599-F9AE83480BFF}.Release|x64.Build.0 = Release|x64
		{623DEB57-3BD3-4299-8599-F9AE83480BFF}.Release|x86.ActiveCfg = Release|Win32
		{623DEB57-3BD3-4299-8599-F9AE83480BFF}.Release|x86.Build.0 = Release|Win32
		{373539EF-8E53-46F0-82DD-044487242382}.Debug|Any CPU.ActiveCfg = Debug|Win32
		{373539EF-8E53-46F0-82DD-044487242382}.Debug|x64.ActiveCfg = Debug|x64
		{373539EF-8E53-46F0-82DD-044487242382}.Debug|x64.Build.0 = Debug|x64
		{373539EF-8E53-46F0-82DD-044487242382}.Debug|x86.ActiveCfg = Debug|Win32
		{373539EF-8E53-46F0-82DD-044487242382}.Debug|x86.Build.0 = Debug|Win32
		{373539EF-8E53-46F0-82DD-044487242382}.Release|Any CPU.ActiveCfg = Release|Win32
		{373539EF-8E53-46F0-82DD-044487242382}.Release|x64.ActiveCfg = Release|x64
		{373539EF-8E53-46F0-82DD-044487242382}.Release|x64.Build.0 = Release|x64
		{373539EF-8E53-46F0-82DD-044487242382}.Release|x86.ActiveCfg = Release|Win32
		{373539EF-8E53-46F0-82DD-044487242382}.Release|x86.Build.0 = Release|Win32
		{0B5109FD-6DDF-4A44-9C88-13D58D4DB800}.Debug|Any CPU.ActiveCfg = Debug|Win32
		{0B5109FD-6DDF-4A44-9C88-13D58D4DB800}.Debug|x64.ActiveCfg = Debug|x64
		{0B5109FD-6DDF-4A44-9C88-13D58D4DB800}.Debug|x64.Build.0 = Debug|x64
		{0B5109FD-6DDF-4A44-9C88-13D58D4DB800}.Debug|x86.ActiveCfg = Debug|Win32
		{0B5109FD-6DDF-4A44-9C88-13D58D4DB800}.Debug|x86.Build.0 = Debug|Win32
		{0B5109FD-6DDF-4A44-9C88-13D58D4DB800}.Release|Any CPU.ActiveCfg = Release|Win32
		{0B5109FD-6DDF-4A44-9C88-13D58D4DB800}.Release|x64.ActiveCfg = Release|x64
		{0B5109FD-6DDF-4A44-9C88-13D58D4DB800}.Release|x64.Build.0 = Release|x64
		{0B5109FD-6DDF-4A44-9C88-13D58D4DB800}.Release|x86.ActiveCfg = Release|Win32
		{0B5109FD-6DDF-4A44-9C88-13D58D4DB800}.Release|x86.Build.0 = Release|Win32
		{7F3A9EDD-C339-4422-A315-EB3979F1C6C3}.Debug|Any CPU.ActiveCfg = Debug|Win32
		{7F3A9EDD-C339-4422-A315-EB3979F1C6C3}.Debug|x64.ActiveCfg = Debug|x64
		{7F3A9EDD-C339-4422-A315-EB3979F1C6C3}.Debug|x64.Build.0 = Debug|x64
		{7F3A9EDD-C339-4422-A315-EB3979F1C6C3}.Debug|x86.ActiveCfg = Debug|Win32
		{7F3A9EDD-C339-4422-A315-EB3979F1C6C3}.Debug|x86.Build.0 = Debug|Win32
		{7F3A9EDD-C339-4422-A315-EB3979F1C6C3}.Release|Any CPU.ActiveCfg = Release|Win32
		{7F3A9EDD-C339-4422-A315-EB3979F1C6C3}.Release|x64.ActiveCfg = Release|x64
		{7F3A9EDD-C339-4422-A315-EB3979F1C6C3}.Release|x64.Build.0 = Release|x64
		{7F3A9EDD-C339-4422-A315-EB3979F1C6C3}.Release|x86.ActiveCfg = Release|Win32
		{7F3A9EDD-C339-4422-A315-EB3979F1C6C3}.Release|x86.Build.0 = Release|Win32
		{8A4402DF-C268-4B58-B441-B7916538621F}.Debug|Any CPU.ActiveCfg = Debug|Win32
		{8A4402DF-C268-4B58-B441-B7916538621F}.Debug|x64.ActiveCfg = Debug|x64
		{8A4402DF-C268-4B58-B441-B7916538621F}.Debug|x64.Build.0 = Debug|x64
		{8A4402DF-C268-4B58-B441-B7916538621F}.Debug|x86.ActiveCfg = Debug|Win32
		{8A4402DF-C268-4B58-B441-B7916538621F}.Debug|x86.Build.0 = Debug|Win32
		{8A4402DF-C268-4B58-B441-B7916538621F}.Release|Any CPU.ActiveCfg = Release|Win32
		{8A4402DF-C268-4B58-B441-B7916538621F}.Release|x64.ActiveCfg = Release|x64
		{8A4402DF-C268-4B58-B441-B7916538621F}.Release|x64.Build.0 = Release|x64
		{8A4402DF-C268-4B58-B441-B7916538621F}.Release|x86.ActiveCfg = Release|Win32
		{8A4402DF-C268-4B58-B441-B7916538621F}.Release|x86.Build.0 = Release|Win32
		{62ABF696-83F9-4EAB-9F68-FE2374A9FA04}.Debug|Any CPU.ActiveCfg = Debug|Win32
		{62ABF696-83F9-4EAB-9F68-FE2374A9FA04}.Debug|x64.ActiveCfg = Debug|x64
		{62ABF696-83F9-4EAB-9F68-FE2374A9FA04}.Debug|x64.Build.0 = Debug|x64
		{62ABF696-83F9-4EAB-9F68-FE2374A9FA04}.Debug|x86.ActiveCfg = Debug|Win32
		{62ABF696-83F9-4EAB-9F68-FE2374A9FA04}.Debug|x86.Build.0 = Debug|Win32
		{62ABF696-83F9-4EAB-9F68-FE2374A9FA04}.Release|Any CPU.ActiveCfg = Release|Win32
		{62ABF696-83F9-4EAB-9F68-FE2374A9FA04}.Release|x64.ActiveCfg = Release|x64
		{62ABF696-83F9-4EAB-9F68-FE2374A9FA04}.Release|x64.Build.0 = Release|x64
		{62ABF696-83F9-4EAB-9F68-FE2374A9FA04}.Release|x86.ActiveCfg = Release|Win32
		{62ABF696-83F9-4EAB-9F68-FE2374A9FA04}.Release|x86.Build.0 = Release|Win32
		{5D2F13DA-6147-4132-9EB4-90A2BF3BA75A}.Debug|Any CPU.ActiveCfg = Debug|Win32
		{5D2F13DA-6147-4132-9EB4-90A2BF3BA75A}.Debug|x64.ActiveCfg = Debug|x64
		{5D2F13DA-6147-4132-9EB4-90A2BF3BA75A}.Debug|x64.Build.0 = Debug|x64
		{5D2F13DA-6147-4132-9EB4-90A2BF3BA75A}.Debug|x86.ActiveCfg = Debug|Win32
		{5D2F13DA-6147-4132-9EB4-90A2BF3BA75A}.Debug|x86.Build.0 = Debug|Win32
		{5D2F13DA-6147-4132-9EB4-90A2BF3BA75A}.Release|Any CPU.ActiveCfg = Release|Win32
		{5D2F13DA-6147-4132-9EB4-90A2BF3BA75A}.Release|x64.ActiveCfg = Release|x64
		{5D2F13DA-6147-4132-9EB4-90A2BF3BA75A}.Release|x64.Build.0 = Release|x64
		{5D2F13DA-6147-4132-9EB4-90A2BF3BA75A}.Release|x86.ActiveCfg = Release|Win32
		{5D2F13DA-6147-4132-9EB4-90A2BF3BA75A}.Release|x86.Build.0 = Release|Win32
		{13922596-AAEA-4F61-B5FB-B5311E27A978}.Debug|Any CPU.ActiveCfg = Debug|Win32
		{13922596-AAEA-4F61-B5FB-B5311E27A978}.Debug|x64.ActiveCfg = Debug|x64
		{13922596-AAEA-4F61-B5FB-B5311E27A978}.Debug|x64.Build.0 = Debug|x64
		{13922596-AAEA-4F61-B5FB-B5311E27A978}.Debug|x86.ActiveCfg = Debug|Win32
		{13922596-AAEA-4F61-B5FB-B5311E27A978}.Debug|x86.Build.0 = Debug|Win32
		{13922596-AAEA-4F61-B5FB-B5311E27A978}.Release|Any CPU.ActiveCfg = Release|Win32
		{13922596-AAEA-4F61-B5FB-B5311E27A978}.Release|x64.ActiveCfg = Release|x64
		{13922596-AAEA-4F61-B5FB-B5311E27A978}.Release|x64.Build.0 = Release|x64
		{13922596-AAEA-4F61-B5FB-B5311E27A978}.Release|x86.ActiveCfg = Release|Win32
		{13922596-AAEA-4F61-B5FB-B5311E27A978}.Release|x86.Build.0 = Release|Win32
		{ED23B513-3528-41D3-8805-0FC1FBDF24AC}.Debug|Any CPU.ActiveCfg = Debug|Win32
		{ED23B513-3528-41D3-8805-0FC1FBDF24AC}.Debug|x64.ActiveCfg = Debug|x64
		{ED23B513-3528-41D3-8805-0FC1FBDF24AC}.Debug|x64.Build.0 = Debug|x64
		{ED23B513-3528-41D3-8805-0FC1FBDF24AC}.Debug|x86.ActiveCfg = Debug|Win32
		{ED23B513-3528-41D3-8805-0FC1FBDF24AC}.Debug|x86.Build.0 = Debug|Win32
		{ED23B513-3528-41D3-8805-0FC1FBDF24AC}.Release|Any CPU.ActiveCfg = Release|Win32
		{ED23B513-3528-41D3-8805-0FC1FBDF24AC}.Release|x64.ActiveCfg = Release|x64
		{ED23B513-3528-41D3-8805-0FC1FBDF24AC}.Release|x64.Build.0 = Release|x64
		{ED23B513-3528-41D3-8805-0FC1FBDF24AC}.Release|x86.ActiveCfg = Release|Win32
		{ED23B513-3528-41D3-8805-0FC1FBDF24AC}.Release|x86.Build.0 = Release|Win32
		{FD158A0C-9AB7-474D-996F-4337703973F8}.Debug|Any CPU.ActiveCfg = Debug|Any CPU
		{FD158A0C-9AB7-474D-996F-4337703973F8}.Debug|Any CPU.Build.0 = Debug|Any CPU
		{FD158A0C-9AB7-474D-996F-4337703973F8}.Debug|x64.ActiveCfg = Debug|Any CPU
		{FD158A0C-9AB7-474D-996F-4337703973F8}.Debug|x64.Build.0 = Debug|Any CPU
		{FD158A0C-9AB7-474D-996F-4337703973F8}.Debug|x86.ActiveCfg = Debug|Any CPU
		{FD158A0C-9AB7-474D-996F-4337703973F8}.Debug|x86.Build.0 = Debug|Any CPU
		{FD158A0C-9AB7-474D-996F-4337703973F8}.Release|Any CPU.ActiveCfg = Release|Any CPU
		{FD158A0C-9AB7-474D-996F-4337703973F8}.Release|Any CPU.Build.0 = Release|Any CPU
		{FD158A0C-9AB7-474D-996F-4337703973F8}.Release|x64.ActiveCfg = Release|Any CPU
		{FD158A0C-9AB7-474D-996F-4337703973F8}.Release|x64.Build.0 = Release|Any CPU
		{FD158A0C-9AB7-474D-996F-4337703973F8}.Release|x86.ActiveCfg = Release|Any CPU
		{FD158A0C-9AB7-474D-996F-4337703973F8}.Release|x86.Build.0 = Release|Any CPU
		{F570FA6A-ACC6-4DA5-948D-17BD7F5F4D73}.Debug|Any CPU.ActiveCfg = Debug|Any CPU
		{F570FA6A-ACC6-4DA5-948D-17BD7F5F4D73}.Debug|Any CPU.Build.0 = Debug|Any CPU
		{F570FA6A-ACC6-4DA5-948D-17BD7F5F4D73}.Debug|x64.ActiveCfg = Debug|Any CPU
		{F570FA6A-ACC6-4DA5-948D-17BD7F5F4D73}.Debug|x64.Build.0 = Debug|Any CPU
		{F570FA6A-ACC6-4DA5-948D-17BD7F5F4D73}.Debug|x86.ActiveCfg = Debug|Any CPU
		{F570FA6A-ACC6-4DA5-948D-17BD7F5F4D73}.Debug|x86.Build.0 = Debug|Any CPU
		{F570FA6A-ACC6-4DA5-948D-17BD7F5F4D73}.Release|Any CPU.ActiveCfg = Release|Any CPU
		{F570FA6A-ACC6-4DA5-948D-17BD7F5F4D73}.Release|Any CPU.Build.0 = Release|Any CPU
		{F570FA6A-ACC6-4DA5-948D-17BD7F5F4D73}.Release|x64.ActiveCfg = Release|Any CPU
		{F570FA6A-ACC6-4DA5-948D-17BD7F5F4D73}.Release|x64.Build.0 = Release|Any CPU
		{F570FA6A-ACC6-4DA5-948D-17BD7F5F4D73}.Release|x86.ActiveCfg = Release|Any CPU
		{F570FA6A-ACC6-4DA5-948D-17BD7F5F4D73}.Release|x86.Build.0 = Release|Any CPU
		{9B0757AB-8F69-487D-AD0C-079D640425EB}.Debug|Any CPU.ActiveCfg = Debug|Any CPU
		{9B0757AB-8F69-487D-AD0C-079D640425EB}.Debug|Any CPU.Build.0 = Debug|Any CPU
		{9B0757AB-8F69-487D-AD0C-079D640425EB}.Debug|x64.ActiveCfg = Debug|Any CPU
		{9B0757AB-8F69-487D-AD0C-079D640425EB}.Debug|x64.Build.0 = Debug|Any CPU
		{9B0757AB-8F69-487D-AD0C-079D640425EB}.Debug|x86.ActiveCfg = Debug|Any CPU
		{9B0757AB-8F69-487D-AD0C-079D640425EB}.Debug|x86.Build.0 = Debug|Any CPU
		{9B0757AB-8F69-487D-AD0C-079D640425EB}.Release|Any CPU.ActiveCfg = Release|Any CPU
		{9B0757AB-8F69-487D-AD0C-079D640425EB}.Release|Any CPU.Build.0 = Release|Any CPU
		{9B0757AB-8F69-487D-AD0C-079D640425EB}.Release|x64.ActiveCfg = Release|Any CPU
		{9B0757AB-8F69-487D-AD0C-079D640425EB}.Release|x64.Build.0 = Release|Any CPU
		{9B0757AB-8F69-487D-AD0C-079D640425EB}.Release|x86.ActiveCfg = Release|Any CPU
		{9B0757AB-8F69-487D-AD0C-079D640425EB}.Release|x86.Build.0 = Release|Any CPU
		{CEF2956A-3B06-46BB-AF70-C5B6272C1515}.Debug|Any CPU.ActiveCfg = Debug|Any CPU
		{CEF2956A-3B06-46BB-AF70-C5B6272C1515}.Debug|Any CPU.Build.0 = Debug|Any CPU
		{CEF2956A-3B06-46BB-AF70-C5B6272C1515}.Debug|x64.ActiveCfg = Debug|Any CPU
		{CEF2956A-3B06-46BB-AF70-C5B6272C1515}.Debug|x64.Build.0 = Debug|Any CPU
		{CEF2956A-3B06-46BB-AF70-C5B6272C1515}.Debug|x86.ActiveCfg = Debug|Any CPU
		{CEF2956A-3B06-46BB-AF70-C5B6272C1515}.Debug|x86.Build.0 = Debug|Any CPU
		{CEF2956A-3B06-46BB-AF70-C5B6272C1515}.Release|Any CPU.ActiveCfg = Release|Any CPU
		{CEF2956A-3B06-46BB-AF70-C5B6272C1515}.Release|Any CPU.Build.0 = Release|Any CPU
		{CEF2956A-3B06-46BB-AF70-C5B6272C1515}.Release|x64.ActiveCfg = Release|Any CPU
		{CEF2956A-3B06-46BB-AF70-C5B6272C1515}.Release|x64.Build.0 = Release|Any CPU
		{CEF2956A-3B06-46BB-AF70-C5B6272C1515}.Release|x86.ActiveCfg = Release|Any CPU
		{CEF2956A-3B06-46BB-AF70-C5B6272C1515}.Release|x86.Build.0 = Release|Any CPU
		{FC145032-25F0-4CAB-8BA7-6510BFD8BE6E}.Debug|Any CPU.ActiveCfg = Debug|Any CPU
		{FC145032-25F0-4CAB-8BA7-6510BFD8BE6E}.Debug|Any CPU.Build.0 = Debug|Any CPU
		{FC145032-25F0-4CAB-8BA7-6510BFD8BE6E}.Debug|x64.ActiveCfg = Debug|Any CPU
		{FC145032-25F0-4CAB-8BA7-6510BFD8BE6E}.Debug|x64.Build.0 = Debug|Any CPU
		{FC145032-25F0-4CAB-8BA7-6510BFD8BE6E}.Debug|x86.ActiveCfg = Debug|Any CPU
		{FC145032-25F0-4CAB-8BA7-6510BFD8BE6E}.Debug|x86.Build.0 = Debug|Any CPU
		{FC145032-25F0-4CAB-8BA7-6510BFD8BE6E}.Release|Any CPU.ActiveCfg = Release|Any CPU
		{FC145032-25F0-4CAB-8BA7-6510BFD8BE6E}.Release|Any CPU.Build.0 = Release|Any CPU
		{FC145032-25F0-4CAB-8BA7-6510BFD8BE6E}.Release|x64.ActiveCfg = Release|Any CPU
		{FC145032-25F0-4CAB-8BA7-6510BFD8BE6E}.Release|x64.Build.0 = Release|Any CPU
		{FC145032-25F0-4CAB-8BA7-6510BFD8BE6E}.Release|x86.ActiveCfg = Release|Any CPU
		{FC145032-25F0-4CAB-8BA7-6510BFD8BE6E}.Release|x86.Build.0 = Release|Any CPU
		{66FC65B4-6A67-4E3A-9BD3-4F6C609E8D79}.Debug|Any CPU.ActiveCfg = Debug|Any CPU
		{66FC65B4-6A67-4E3A-9BD3-4F6C609E8D79}.Debug|Any CPU.Build.0 = Debug|Any CPU
		{66FC65B4-6A67-4E3A-9BD3-4F6C609E8D79}.Debug|x64.ActiveCfg = Debug|Any CPU
		{66FC65B4-6A67-4E3A-9BD3-4F6C609E8D79}.Debug|x64.Build.0 = Debug|Any CPU
		{66FC65B4-6A67-4E3A-9BD3-4F6C609E8D79}.Debug|x86.ActiveCfg = Debug|Any CPU
		{66FC65B4-6A67-4E3A-9BD3-4F6C609E8D79}.Debug|x86.Build.0 = Debug|Any CPU
		{66FC65B4-6A67-4E3A-9BD3-4F6C609E8D79}.Release|Any CPU.ActiveCfg = Release|Any CPU
		{66FC65B4-6A67-4E3A-9BD3-4F6C609E8D79}.Release|Any CPU.Build.0 = Release|Any CPU
		{66FC65B4-6A67-4E3A-9BD3-4F6C609E8D79}.Release|x64.ActiveCfg = Release|Any CPU
		{66FC65B4-6A67-4E3A-9BD3-4F6C609E8D79}.Release|x64.Build.0 = Release|Any CPU
		{66FC65B4-6A67-4E3A-9BD3-4F6C609E8D79}.Release|x86.ActiveCfg = Release|Any CPU
		{66FC65B4-6A67-4E3A-9BD3-4F6C609E8D79}.Release|x86.Build.0 = Release|Any CPU
		{5E5B9FAD-CA80-463C-8CDB-86BA0D8E1CE6}.Debug|Any CPU.ActiveCfg = Debug|Any CPU
		{5E5B9FAD-CA80-463C-8CDB-86BA0D8E1CE6}.Debug|Any CPU.Build.0 = Debug|Any CPU
		{5E5B9FAD-CA80-463C-8CDB-86BA0D8E1CE6}.Debug|x64.ActiveCfg = Debug|Any CPU
		{5E5B9FAD-CA80-463C-8CDB-86BA0D8E1CE6}.Debug|x64.Build.0 = Debug|Any CPU
		{5E5B9FAD-CA80-463C-8CDB-86BA0D8E1CE6}.Debug|x86.ActiveCfg = Debug|Any CPU
		{5E5B9FAD-CA80-463C-8CDB-86BA0D8E1CE6}.Debug|x86.Build.0 = Debug|Any CPU
		{5E5B9FAD-CA80-463C-8CDB-86BA0D8E1CE6}.Release|Any CPU.ActiveCfg = Release|Any CPU
		{5E5B9FAD-CA80-463C-8CDB-86BA0D8E1CE6}.Release|Any CPU.Build.0 = Release|Any CPU
		{5E5B9FAD-CA80-463C-8CDB-86BA0D8E1CE6}.Release|x64.ActiveCfg = Release|Any CPU
		{5E5B9FAD-CA80-463C-8CDB-86BA0D8E1CE6}.Release|x64.Build.0 = Release|Any CPU
		{5E5B9FAD-CA80-463C-8CDB-86BA0D8E1CE6}.Release|x86.ActiveCfg = Release|Any CPU
		{5E5B9FAD-CA80-463C-8CDB-86BA0D8E1CE6}.Release|x86.Build.0 = Release|Any CPU
		{FCD380A9-7EE8-4EFF-8CFE-7956E4B5601C}.Debug|Any CPU.ActiveCfg = Debug|Any CPU
		{FCD380A9-7EE8-4EFF-8CFE-7956E4B5601C}.Debug|Any CPU.Build.0 = Debug|Any CPU
		{FCD380A9-7EE8-4EFF-8CFE-7956E4B5601C}.Debug|x64.ActiveCfg = Debug|Any CPU
		{FCD380A9-7EE8-4EFF-8CFE-7956E4B5601C}.Debug|x64.Build.0 = Debug|Any CPU
		{FCD380A9-7EE8-4EFF-8CFE-7956E4B5601C}.Debug|x86.ActiveCfg = Debug|Any CPU
		{FCD380A9-7EE8-4EFF-8CFE-7956E4B5601C}.Debug|x86.Build.0 = Debug|Any CPU
		{FCD380A9-7EE8-4EFF-8CFE-7956E4B5601C}.Release|Any CPU.ActiveCfg = Release|Any CPU
		{FCD380A9-7EE8-4EFF-8CFE-7956E4B5601C}.Release|Any CPU.Build.0 = Release|Any CPU
		{FCD380A9-7EE8-4EFF-8CFE-7956E4B5601C}.Release|x64.ActiveCfg = Release|Any CPU
		{FCD380A9-7EE8-4EFF-8CFE-7956E4B5601C}.Release|x64.Build.0 = Release|Any CPU
		{FCD380A9-7EE8-4EFF-8CFE-7956E4B5601C}.Release|x86.ActiveCfg = Release|Any CPU
		{FCD380A9-7EE8-4EFF-8CFE-7956E4B5601C}.Release|x86.Build.0 = Release|Any CPU
	EndGlobalSection
	GlobalSection(SolutionProperties) = preSolution
		HideSolutionNode = FALSE
	EndGlobalSection
	GlobalSection(NestedProjects) = preSolution
		{0B07B802-470B-4138-B230-2B10985A7182} = {1D9152DC-3916-4267-8618-BDBB776AF330}
		{1D9152DC-3916-4267-8618-BDBB776AF330} = {FA02AC69-5C6C-4E43-BFCE-7DE4642AD95D}
		{5219D71D-C2E7-4327-8887-395646D84B2A} = {FA02AC69-5C6C-4E43-BFCE-7DE4642AD95D}
		{574655A8-6396-42CF-A03E-50A28749F221} = {5219D71D-C2E7-4327-8887-395646D84B2A}
		{D06B56EF-0F91-4942-9BBA-0E943D9DC996} = {FA02AC69-5C6C-4E43-BFCE-7DE4642AD95D}
		{EB4BDB4C-9727-4498-99C9-F9865D3EA9A5} = {D06B56EF-0F91-4942-9BBA-0E943D9DC996}
		{DAC1F5AD-1C5B-478E-A318-43AA4AC3E419} = {D06B56EF-0F91-4942-9BBA-0E943D9DC996}
		{41739FE2-D2B2-4447-AA5A-7F81676ECBF9} = {D06B56EF-0F91-4942-9BBA-0E943D9DC996}
		{AB2D89D1-36BF-4E33-B3EE-3FF78245DD7E} = {D06B56EF-0F91-4942-9BBA-0E943D9DC996}
		{245A9F3B-AAF1-4014-A632-0222B74012AB} = {D06B56EF-0F91-4942-9BBA-0E943D9DC996}
		{9FC189B0-BE2F-4E7D-84C8-849BA3F300E6} = {FA02AC69-5C6C-4E43-BFCE-7DE4642AD95D}
		{31AA7405-1731-48A8-AFDE-EE16E347B03A} = {9FC189B0-BE2F-4E7D-84C8-849BA3F300E6}
		{6CAA5402-20B2-4AC5-9EB0-FA0116FDE3C8} = {FA02AC69-5C6C-4E43-BFCE-7DE4642AD95D}
		{2E98D979-5954-433F-B0B5-09938A548CC6} = {6CAA5402-20B2-4AC5-9EB0-FA0116FDE3C8}
		{623DEB57-3BD3-4299-8599-F9AE83480BFF} = {9FC189B0-BE2F-4E7D-84C8-849BA3F300E6}
		{87FC65B3-E5CA-45A8-B5B9-5544965123DB} = {FA02AC69-5C6C-4E43-BFCE-7DE4642AD95D}
		{373539EF-8E53-46F0-82DD-044487242382} = {87FC65B3-E5CA-45A8-B5B9-5544965123DB}
		{60F98016-89CB-417F-9BBA-4F868AE7A447} = {FA02AC69-5C6C-4E43-BFCE-7DE4642AD95D}
		{0B5109FD-6DDF-4A44-9C88-13D58D4DB800} = {60F98016-89CB-417F-9BBA-4F868AE7A447}
		{27BA530F-9C88-4F9B-973F-2E90512AB6C9} = {FA02AC69-5C6C-4E43-BFCE-7DE4642AD95D}
		{7F3A9EDD-C339-4422-A315-EB3979F1C6C3} = {27BA530F-9C88-4F9B-973F-2E90512AB6C9}
		{8AC16452-E258-4A77-B01E-C7B8C15DDEE7} = {FA02AC69-5C6C-4E43-BFCE-7DE4642AD95D}
		{8A4402DF-C268-4B58-B441-B7916538621F} = {8AC16452-E258-4A77-B01E-C7B8C15DDEE7}
		{B3A306FB-4F14-41EF-B298-88F4D558D7BE} = {FA02AC69-5C6C-4E43-BFCE-7DE4642AD95D}
		{62ABF696-83F9-4EAB-9F68-FE2374A9FA04} = {B3A306FB-4F14-41EF-B298-88F4D558D7BE}
		{00E63EFD-3E91-4191-ACD2-C9C835C2EB8B} = {FA02AC69-5C6C-4E43-BFCE-7DE4642AD95D}
		{5D2F13DA-6147-4132-9EB4-90A2BF3BA75A} = {00E63EFD-3E91-4191-ACD2-C9C835C2EB8B}
		{13922596-AAEA-4F61-B5FB-B5311E27A978} = {00E63EFD-3E91-4191-ACD2-C9C835C2EB8B}
		{ED23B513-3528-41D3-8805-0FC1FBDF24AC} = {00E63EFD-3E91-4191-ACD2-C9C835C2EB8B}
		{9B063ED1-B5D6-4707-9F36-EBAA3DBDA418} = {AB87183A-7586-46FD-9E47-B9B30AF3E84F}
		{FD158A0C-9AB7-474D-996F-4337703973F8} = {9B063ED1-B5D6-4707-9F36-EBAA3DBDA418}
		{F570FA6A-ACC6-4DA5-948D-17BD7F5F4D73} = {9B063ED1-B5D6-4707-9F36-EBAA3DBDA418}
		{32305C83-8B40-428B-BAEC-C5AF89EDAE5F} = {AB87183A-7586-46FD-9E47-B9B30AF3E84F}
		{9B0757AB-8F69-487D-AD0C-079D640425EB} = {32305C83-8B40-428B-BAEC-C5AF89EDAE5F}
		{E810AF16-A48A-43D0-BFE8-4E351BEE3B76} = {AB87183A-7586-46FD-9E47-B9B30AF3E84F}
		{CEF2956A-3B06-46BB-AF70-C5B6272C1515} = {E810AF16-A48A-43D0-BFE8-4E351BEE3B76}
		{53AAE08E-C12F-45F3-9083-8D15FB8FCD9A} = {AB87183A-7586-46FD-9E47-B9B30AF3E84F}
		{FC145032-25F0-4CAB-8BA7-6510BFD8BE6E} = {53AAE08E-C12F-45F3-9083-8D15FB8FCD9A}
		{F4587C4B-938B-4F81-96FC-4ED24C2B2552} = {AB87183A-7586-46FD-9E47-B9B30AF3E84F}
		{66FC65B4-6A67-4E3A-9BD3-4F6C609E8D79} = {F4587C4B-938B-4F81-96FC-4ED24C2B2552}
		{6FC7D8C8-1669-41C7-A9B9-1043D418E000} = {AB87183A-7586-46FD-9E47-B9B30AF3E84F}
		{5E5B9FAD-CA80-463C-8CDB-86BA0D8E1CE6} = {6FC7D8C8-1669-41C7-A9B9-1043D418E000}
		{865755B8-A974-407B-9791-C6C636AA1977} = {AB87183A-7586-46FD-9E47-B9B30AF3E84F}
		{FCD380A9-7EE8-4EFF-8CFE-7956E4B5601C} = {865755B8-A974-407B-9791-C6C636AA1977}
	EndGlobalSection
	GlobalSection(ExtensibilityGlobals) = postSolution
		SolutionGuid = {76EC34DF-6BC3-4283-8128-050FEAB28534}
	EndGlobalSection
EndGlobal
