
Microsoft Visual Studio Solution File, Format Version 12.00
# Visual Studio Version 17
VisualStudioVersion = 17.11.35327.3
MinimumVisualStudioVersion = 10.0.40219.1
Project("{9A19103F-16F7-4668-BE54-9A1E7A4F7556}") = "PeopleDatabaseMauiApp", "PeopleDatabaseMauiApp\PeopleDatabaseMauiApp.csproj", "{BEEFA62E-41B1-4CCE-B43B-9596A071BF5A}"
EndProject
Project("{9A19103F-16F7-4668-BE54-9A1E7A4F7556}") = "PeopleDatabaseClassLibrary", "PeopleDatabaseClassLibrary\PeopleDatabaseClassLibrary.csproj", "{639B4E3B-E57B-4886-BF03-8A6A21DD9090}"
EndProject
Project("{FAE04EC0-301F-11D3-BF4B-00C04F79EFBC}") = "PeopleDatabaseFirstClassLibrary", "PeopleDatabaseFirstClassLibrary\PeopleDatabaseFirstClassLibrary.csproj", "{49E18A5A-0F59-4E3E-8950-1FAB412242F0}"
EndProject
Global
	GlobalSection(SolutionConfigurationPlatforms) = preSolution
		Debug|Any CPU = Debug|Any CPU
		Release|Any CPU = Release|Any CPU
	EndGlobalSection
	GlobalSection(ProjectConfigurationPlatforms) = postSolution
		{BEEFA62E-41B1-4CCE-B43B-9596A071BF5A}.Debug|Any CPU.ActiveCfg = Debug|Any CPU
		{BEEFA62E-41B1-4CCE-B43B-9596A071BF5A}.Debug|Any CPU.Build.0 = Debug|Any CPU
		{BEEFA62E-41B1-4CCE-B43B-9596A071BF5A}.Debug|Any CPU.Deploy.0 = Debug|Any CPU
		{BEEFA62E-41B1-4CCE-B43B-9596A071BF5A}.Release|Any CPU.ActiveCfg = Release|Any CPU
		{BEEFA62E-41B1-4CCE-B43B-9596A071BF5A}.Release|Any CPU.Build.0 = Release|Any CPU
		{BEEFA62E-41B1-4CCE-B43B-9596A071BF5A}.Release|Any CPU.Deploy.0 = Release|Any CPU
		{639B4E3B-E57B-4886-BF03-8A6A21DD9090}.Debug|Any CPU.ActiveCfg = Debug|Any CPU
		{639B4E3B-E57B-4886-BF03-8A6A21DD9090}.Debug|Any CPU.Build.0 = Debug|Any CPU
		{639B4E3B-E57B-4886-BF03-8A6A21DD9090}.Release|Any CPU.ActiveCfg = Release|Any CPU
		{639B4E3B-E57B-4886-BF03-8A6A21DD9090}.Release|Any CPU.Build.0 = Release|Any CPU
		{49E18A5A-0F59-4E3E-8950-1FAB412242F0}.Debug|Any CPU.ActiveCfg = Debug|Any CPU
		{49E18A5A-0F59-4E3E-8950-1FAB412242F0}.Debug|Any CPU.Build.0 = Debug|Any CPU
		{49E18A5A-0F59-4E3E-8950-1FAB412242F0}.Release|Any CPU.ActiveCfg = Release|Any CPU
		{49E18A5A-0F59-4E3E-8950-1FAB412242F0}.Release|Any CPU.Build.0 = Release|Any CPU
	EndGlobalSection
	GlobalSection(SolutionProperties) = preSolution
		HideSolutionNode = FALSE
	EndGlobalSection
	GlobalSection(ExtensibilityGlobals) = postSolution
		SolutionGuid = {7AFD8417-043D-4347-8F6E-69AE4D1932CC}
	EndGlobalSection
EndGlobal
